
Microsoft Visual Studio Solution File, Format Version 12.00
# Visual Studio Version 17
VisualStudioVersion = 17.5.33530.505
MinimumVisualStudioVersion = 10.0.40219.1
Project("{2150E333-8FDC-42A3-9474-1A3956D46DE8}") = "MatrixMultiplication", "MatrixMultiplication", "{DE985757-1586-4FE3-8BAA-926090F96BFB}"
EndProject
Project("{2150E333-8FDC-42A3-9474-1A3956D46DE8}") = "Hourglass", "Hourglass", "{519DE4CF-66B4-403A-9EE2-95C85754ABB3}"
EndProject
Project("{2150E333-8FDC-42A3-9474-1A3956D46DE8}") = "FactorDecomposition", "FactorDecomposition", "{E4854D45-58F8-43F3-A1DF-01C3E84238E9}"
EndProject
Project("{2150E333-8FDC-42A3-9474-1A3956D46DE8}") = "HarvestingHorseback", "HarvestingHorseback", "{00F1CEF5-0397-4BA8-9957-79549E0139F2}"
EndProject
Project("{2150E333-8FDC-42A3-9474-1A3956D46DE8}") = "HorsesConflict", "HorsesConflict", "{E0C87CAB-7DFF-43C0-970F-6306B4D39A0F}"
EndProject
Project("{9A19103F-16F7-4668-BE54-9A1E7A4F7556}") = "Hourglass.Logic", "Hourglass.Logic\Hourglass.Logic.csproj", "{E46A525A-9080-4441-B6FA-DBA3292F6668}"
EndProject
Project("{9A19103F-16F7-4668-BE54-9A1E7A4F7556}") = "Hourglass.UI", "Hourglass.UI\Hourglass.UI.csproj", "{021DF0E5-5B19-4407-B179-1C5E31FBD464}"
EndProject
Project("{9A19103F-16F7-4668-BE54-9A1E7A4F7556}") = "MatrixMultiplication.Logic", "MatrixMultiplication.Logic\MatrixMultiplication.Logic.csproj", "{85C915F9-8C04-4894-AF8C-2A7E80C14CC7}"
EndProject
Project("{9A19103F-16F7-4668-BE54-9A1E7A4F7556}") = "MatrixMultiplication.UI", "MatrixMultiplication.UI\MatrixMultiplication.UI.csproj", "{6FB7A18A-7DDE-4923-94CE-EC2AF47EC621}"
EndProject
Project("{FAE04EC0-301F-11D3-BF4B-00C04F79EFBC}") = "HarvestingHorseback.UI", "HarvestingHorseback.UI\HarvestingHorseback.UI.csproj", "{725CCBE7-F14F-4500-95B6-2A3C515E2D66}"
EndProject
Project("{FAE04EC0-301F-11D3-BF4B-00C04F79EFBC}") = "HarvestingHorseback.Logic", "HarvestingHorseback.Logic\HarvestingHorseback.Logic.csproj", "{1BED7CE3-30E7-4C76-A990-DCE1F02EFE07}"
EndProject
Project("{FAE04EC0-301F-11D3-BF4B-00C04F79EFBC}") = "HorsesConflict.Logic", "HorsesConflict.Logic\HorsesConflict.Logic.csproj", "{2DD9587F-2051-429A-90FC-ED94C7F1651A}"
EndProject
Project("{FAE04EC0-301F-11D3-BF4B-00C04F79EFBC}") = "HorsesConflict.UI", "HorsesConflict.UI\HorsesConflict.UI.csproj", "{3BDE25EC-7DC3-4A6C-9E78-4E58659402CD}"
EndProject
Project("{FAE04EC0-301F-11D3-BF4B-00C04F79EFBC}") = "FactorDecomposition.UI", "FactorDecomposition.UI\FactorDecomposition.UI.csproj", "{3191E3E7-DF82-4935-833C-288A17B77D9C}"
EndProject
Project("{FAE04EC0-301F-11D3-BF4B-00C04F79EFBC}") = "FactorDecomposition.Logic", "FactorDecomposition.Logic\FactorDecomposition.Logic.csproj", "{CF78E58C-7164-446D-8259-23DF0C39D489}"
EndProject
Global
	GlobalSection(SolutionConfigurationPlatforms) = preSolution
		Debug|Any CPU = Debug|Any CPU
		Release|Any CPU = Release|Any CPU
	EndGlobalSection
	GlobalSection(ProjectConfigurationPlatforms) = postSolution
		{E46A525A-9080-4441-B6FA-DBA3292F6668}.Debug|Any CPU.ActiveCfg = Debug|Any CPU
		{E46A525A-9080-4441-B6FA-DBA3292F6668}.Debug|Any CPU.Build.0 = Debug|Any CPU
		{E46A525A-9080-4441-B6FA-DBA3292F6668}.Release|Any CPU.ActiveCfg = Release|Any CPU
		{E46A525A-9080-4441-B6FA-DBA3292F6668}.Release|Any CPU.Build.0 = Release|Any CPU
		{021DF0E5-5B19-4407-B179-1C5E31FBD464}.Debug|Any CPU.ActiveCfg = Debug|Any CPU
		{021DF0E5-5B19-4407-B179-1C5E31FBD464}.Debug|Any CPU.Build.0 = Debug|Any CPU
		{021DF0E5-5B19-4407-B179-1C5E31FBD464}.Release|Any CPU.ActiveCfg = Release|Any CPU
		{021DF0E5-5B19-4407-B179-1C5E31FBD464}.Release|Any CPU.Build.0 = Release|Any CPU
		{85C915F9-8C04-4894-AF8C-2A7E80C14CC7}.Debug|Any CPU.ActiveCfg = Debug|Any CPU
		{85C915F9-8C04-4894-AF8C-2A7E80C14CC7}.Debug|Any CPU.Build.0 = Debug|Any CPU
		{85C915F9-8C04-4894-AF8C-2A7E80C14CC7}.Release|Any CPU.ActiveCfg = Release|Any CPU
		{85C915F9-8C04-4894-AF8C-2A7E80C14CC7}.Release|Any CPU.Build.0 = Release|Any CPU
		{6FB7A18A-7DDE-4923-94CE-EC2AF47EC621}.Debug|Any CPU.ActiveCfg = Debug|Any CPU
		{6FB7A18A-7DDE-4923-94CE-EC2AF47EC621}.Debug|Any CPU.Build.0 = Debug|Any CPU
		{6FB7A18A-7DDE-4923-94CE-EC2AF47EC621}.Release|Any CPU.ActiveCfg = Release|Any CPU
		{6FB7A18A-7DDE-4923-94CE-EC2AF47EC621}.Release|Any CPU.Build.0 = Release|Any CPU
		{725CCBE7-F14F-4500-95B6-2A3C515E2D66}.Debug|Any CPU.ActiveCfg = Debug|Any CPU
		{725CCBE7-F14F-4500-95B6-2A3C515E2D66}.Debug|Any CPU.Build.0 = Debug|Any CPU
		{725CCBE7-F14F-4500-95B6-2A3C515E2D66}.Release|Any CPU.ActiveCfg = Release|Any CPU
		{725CCBE7-F14F-4500-95B6-2A3C515E2D66}.Release|Any CPU.Build.0 = Release|Any CPU
		{1BED7CE3-30E7-4C76-A990-DCE1F02EFE07}.Debug|Any CPU.ActiveCfg = Debug|Any CPU
		{1BED7CE3-30E7-4C76-A990-DCE1F02EFE07}.Debug|Any CPU.Build.0 = Debug|Any CPU
		{1BED7CE3-30E7-4C76-A990-DCE1F02EFE07}.Release|Any CPU.ActiveCfg = Release|Any CPU
		{1BED7CE3-30E7-4C76-A990-DCE1F02EFE07}.Release|Any CPU.Build.0 = Release|Any CPU
		{2DD9587F-2051-429A-90FC-ED94C7F1651A}.Debug|Any CPU.ActiveCfg = Debug|Any CPU
		{2DD9587F-2051-429A-90FC-ED94C7F1651A}.Debug|Any CPU.Build.0 = Debug|Any CPU
		{2DD9587F-2051-429A-90FC-ED94C7F1651A}.Release|Any CPU.ActiveCfg = Release|Any CPU
		{2DD9587F-2051-429A-90FC-ED94C7F1651A}.Release|Any CPU.Build.0 = Release|Any CPU
		{3BDE25EC-7DC3-4A6C-9E78-4E58659402CD}.Debug|Any CPU.ActiveCfg = Debug|Any CPU
		{3BDE25EC-7DC3-4A6C-9E78-4E58659402CD}.Debug|Any CPU.Build.0 = Debug|Any CPU
		{3BDE25EC-7DC3-4A6C-9E78-4E58659402CD}.Release|Any CPU.ActiveCfg = Release|Any CPU
		{3BDE25EC-7DC3-4A6C-9E78-4E58659402CD}.Release|Any CPU.Build.0 = Release|Any CPU
		{3191E3E7-DF82-4935-833C-288A17B77D9C}.Debug|Any CPU.ActiveCfg = Debug|Any CPU
		{3191E3E7-DF82-4935-833C-288A17B77D9C}.Debug|Any CPU.Build.0 = Debug|Any CPU
		{3191E3E7-DF82-4935-833C-288A17B77D9C}.Release|Any CPU.ActiveCfg = Release|Any CPU
		{3191E3E7-DF82-4935-833C-288A17B77D9C}.Release|Any CPU.Build.0 = Release|Any CPU
		{CF78E58C-7164-446D-8259-23DF0C39D489}.Debug|Any CPU.ActiveCfg = Debug|Any CPU
		{CF78E58C-7164-446D-8259-23DF0C39D489}.Debug|Any CPU.Build.0 = Debug|Any CPU
		{CF78E58C-7164-446D-8259-23DF0C39D489}.Release|Any CPU.ActiveCfg = Release|Any CPU
		{CF78E58C-7164-446D-8259-23DF0C39D489}.Release|Any CPU.Build.0 = Release|Any CPU
	EndGlobalSection
	GlobalSection(SolutionProperties) = preSolution
		HideSolutionNode = FALSE
	EndGlobalSection
	GlobalSection(NestedProjects) = preSolution
		{E46A525A-9080-4441-B6FA-DBA3292F6668} = {519DE4CF-66B4-403A-9EE2-95C85754ABB3}
		{021DF0E5-5B19-4407-B179-1C5E31FBD464} = {519DE4CF-66B4-403A-9EE2-95C85754ABB3}
		{85C915F9-8C04-4894-AF8C-2A7E80C14CC7} = {DE985757-1586-4FE3-8BAA-926090F96BFB}
		{6FB7A18A-7DDE-4923-94CE-EC2AF47EC621} = {DE985757-1586-4FE3-8BAA-926090F96BFB}
		{725CCBE7-F14F-4500-95B6-2A3C515E2D66} = {00F1CEF5-0397-4BA8-9957-79549E0139F2}
		{1BED7CE3-30E7-4C76-A990-DCE1F02EFE07} = {00F1CEF5-0397-4BA8-9957-79549E0139F2}
		{2DD9587F-2051-429A-90FC-ED94C7F1651A} = {E0C87CAB-7DFF-43C0-970F-6306B4D39A0F}
		{3BDE25EC-7DC3-4A6C-9E78-4E58659402CD} = {E0C87CAB-7DFF-43C0-970F-6306B4D39A0F}
		{3191E3E7-DF82-4935-833C-288A17B77D9C} = {E4854D45-58F8-43F3-A1DF-01C3E84238E9}
		{CF78E58C-7164-446D-8259-23DF0C39D489} = {E4854D45-58F8-43F3-A1DF-01C3E84238E9}
	EndGlobalSection
	GlobalSection(ExtensibilityGlobals) = postSolution
		SolutionGuid = {3453CD58-8EFE-4EC7-AAA3-2941E368874A}
	EndGlobalSection
EndGlobal
